// !$*UTF8*$!
{
	archiveVersion = 1;
	classes = {
	};
	objectVersion = 50;
	objects = {

/* Begin PBXBuildFile section */
		5F4D70EB1885ACD19FA69E32 /* Pods_8BASE.framework in Frameworks */ = {isa = PBXBuildFile; fileRef = 7BE4DA8858CD40A7FB35C957 /* Pods_8BASE.framework */; };
		8D70321C2307222A001306FA /* ScanViewController.swift in Sources */ = {isa = PBXBuildFile; fileRef = 8D70321B2307222A001306FA /* ScanViewController.swift */; };
		8D70321E2307245A001306FA /* CheckController.swift in Sources */ = {isa = PBXBuildFile; fileRef = 8D70321D2307245A001306FA /* CheckController.swift */; };
		8D70B44D227CBB3300E11D7B /* AppDelegate.swift in Sources */ = {isa = PBXBuildFile; fileRef = 8D70B44C227CBB3300E11D7B /* AppDelegate.swift */; };
		8D70B44F227CBB3300E11D7B /* ViewController.swift in Sources */ = {isa = PBXBuildFile; fileRef = 8D70B44E227CBB3300E11D7B /* ViewController.swift */; };
		8D70B452227CBB3300E11D7B /* Main.storyboard in Resources */ = {isa = PBXBuildFile; fileRef = 8D70B450227CBB3300E11D7B /* Main.storyboard */; };
		8D70B455227CBB3300E11D7B /* _BASE.xcdatamodeld in Sources */ = {isa = PBXBuildFile; fileRef = 8D70B453227CBB3300E11D7B /* _BASE.xcdatamodeld */; };
		8D70B457227CBB3500E11D7B /* Assets.xcassets in Resources */ = {isa = PBXBuildFile; fileRef = 8D70B456227CBB3500E11D7B /* Assets.xcassets */; };
		8D70B45A227CBB3500E11D7B /* LaunchScreen.storyboard in Resources */ = {isa = PBXBuildFile; fileRef = 8D70B458227CBB3500E11D7B /* LaunchScreen.storyboard */; };
		8D70B465227CBB3500E11D7B /* _BASETests.swift in Sources */ = {isa = PBXBuildFile; fileRef = 8D70B464227CBB3500E11D7B /* _BASETests.swift */; };
		8D70B470227CBB3500E11D7B /* _BASEUITests.swift in Sources */ = {isa = PBXBuildFile; fileRef = 8D70B46F227CBB3500E11D7B /* _BASEUITests.swift */; };
		8D70B47E227CBC2200E11D7B /* GoogleService-Info.plist in Resources */ = {isa = PBXBuildFile; fileRef = 8D70B47D227CBC2200E11D7B /* GoogleService-Info.plist */; };
		8D70B47F227CBC2200E11D7B /* GoogleService-Info.plist in Resources */ = {isa = PBXBuildFile; fileRef = 8D70B47D227CBC2200E11D7B /* GoogleService-Info.plist */; };
		8D70B480227CBC2200E11D7B /* GoogleService-Info.plist in Resources */ = {isa = PBXBuildFile; fileRef = 8D70B47D227CBC2200E11D7B /* GoogleService-Info.plist */; };
		C0E7A9FB3ECEFCC65C859C75 /* Pods_8BASEUITests.framework in Frameworks */ = {isa = PBXBuildFile; fileRef = 8E768B4C9A39AEDF68F3076C /* Pods_8BASEUITests.framework */; };
		D62BD47C6608FC6838F57672 /* Pods_8BASETests.framework in Frameworks */ = {isa = PBXBuildFile; fileRef = 4DD310A243F6C4F73DFC62A5 /* Pods_8BASETests.framework */; };
/* End PBXBuildFile section */

/* Begin PBXContainerItemProxy section */
		8D70B461227CBB3500E11D7B /* PBXContainerItemProxy */ = {
			isa = PBXContainerItemProxy;
			containerPortal = 8D70B441227CBB3300E11D7B /* Project object */;
			proxyType = 1;
			remoteGlobalIDString = 8D70B448227CBB3300E11D7B;
			remoteInfo = 8BASE;
		};
		8D70B46C227CBB3500E11D7B /* PBXContainerItemProxy */ = {
			isa = PBXContainerItemProxy;
			containerPortal = 8D70B441227CBB3300E11D7B /* Project object */;
			proxyType = 1;
			remoteGlobalIDString = 8D70B448227CBB3300E11D7B;
			remoteInfo = 8BASE;
		};
/* End PBXContainerItemProxy section */

/* Begin PBXFileReference section */
		005E72723C5B8976E5338264 /* Pods-8BASETests.debug.xcconfig */ = {isa = PBXFileReference; includeInIndex = 1; lastKnownFileType = text.xcconfig; name = "Pods-8BASETests.debug.xcconfig"; path = "Target Support Files/Pods-8BASETests/Pods-8BASETests.debug.xcconfig"; sourceTree = "<group>"; };
		1B6BBA3BF642E72114D1DE23 /* Pods-8BASEUITests.release.xcconfig */ = {isa = PBXFileReference; includeInIndex = 1; lastKnownFileType = text.xcconfig; name = "Pods-8BASEUITests.release.xcconfig"; path = "Target Support Files/Pods-8BASEUITests/Pods-8BASEUITests.release.xcconfig"; sourceTree = "<group>"; };
		4D02B9534BCB8D5A254EFA0F /* Pods-8BASETests.release.xcconfig */ = {isa = PBXFileReference; includeInIndex = 1; lastKnownFileType = text.xcconfig; name = "Pods-8BASETests.release.xcconfig"; path = "Target Support Files/Pods-8BASETests/Pods-8BASETests.release.xcconfig"; sourceTree = "<group>"; };
		4DD310A243F6C4F73DFC62A5 /* Pods_8BASETests.framework */ = {isa = PBXFileReference; explicitFileType = wrapper.framework; includeInIndex = 0; path = Pods_8BASETests.framework; sourceTree = BUILT_PRODUCTS_DIR; };
		66F8CD2958CB78BC2D15244A /* Pods-8BASEUITests.debug.xcconfig */ = {isa = PBXFileReference; includeInIndex = 1; lastKnownFileType = text.xcconfig; name = "Pods-8BASEUITests.debug.xcconfig"; path = "Target Support Files/Pods-8BASEUITests/Pods-8BASEUITests.debug.xcconfig"; sourceTree = "<group>"; };
		6B42936A5705250290B3756D /* Pods-8BASE.debug.xcconfig */ = {isa = PBXFileReference; includeInIndex = 1; lastKnownFileType = text.xcconfig; name = "Pods-8BASE.debug.xcconfig"; path = "Target Support Files/Pods-8BASE/Pods-8BASE.debug.xcconfig"; sourceTree = "<group>"; };
		7BE4DA8858CD40A7FB35C957 /* Pods_8BASE.framework */ = {isa = PBXFileReference; explicitFileType = wrapper.framework; includeInIndex = 0; path = Pods_8BASE.framework; sourceTree = BUILT_PRODUCTS_DIR; };
		8D70321B2307222A001306FA /* ScanViewController.swift */ = {isa = PBXFileReference; fileEncoding = 4; lastKnownFileType = sourcecode.swift; path = ScanViewController.swift; sourceTree = "<group>"; };
		8D70321D2307245A001306FA /* CheckController.swift */ = {isa = PBXFileReference; lastKnownFileType = sourcecode.swift; path = CheckController.swift; sourceTree = "<group>"; };
		8D70B449227CBB3300E11D7B /* 8BASE.app */ = {isa = PBXFileReference; explicitFileType = wrapper.application; includeInIndex = 0; path = 8BASE.app; sourceTree = BUILT_PRODUCTS_DIR; };
		8D70B44C227CBB3300E11D7B /* AppDelegate.swift */ = {isa = PBXFileReference; lastKnownFileType = sourcecode.swift; path = AppDelegate.swift; sourceTree = "<group>"; };
		8D70B44E227CBB3300E11D7B /* ViewController.swift */ = {isa = PBXFileReference; lastKnownFileType = sourcecode.swift; path = ViewController.swift; sourceTree = "<group>"; };
		8D70B451227CBB3300E11D7B /* Base */ = {isa = PBXFileReference; lastKnownFileType = file.storyboard; name = Base; path = Base.lproj/Main.storyboard; sourceTree = "<group>"; };
		8D70B454227CBB3300E11D7B /* _BASE.xcdatamodel */ = {isa = PBXFileReference; lastKnownFileType = wrapper.xcdatamodel; path = _BASE.xcdatamodel; sourceTree = "<group>"; };
		8D70B456227CBB3500E11D7B /* Assets.xcassets */ = {isa = PBXFileReference; lastKnownFileType = folder.assetcatalog; path = Assets.xcassets; sourceTree = "<group>"; };
		8D70B459227CBB3500E11D7B /* Base */ = {isa = PBXFileReference; lastKnownFileType = file.storyboard; name = Base; path = Base.lproj/LaunchScreen.storyboard; sourceTree = "<group>"; };
		8D70B45B227CBB3500E11D7B /* Info.plist */ = {isa = PBXFileReference; lastKnownFileType = text.plist.xml; path = Info.plist; sourceTree = "<group>"; };
		8D70B460227CBB3500E11D7B /* 8BASETests.xctest */ = {isa = PBXFileReference; explicitFileType = wrapper.cfbundle; includeInIndex = 0; path = 8BASETests.xctest; sourceTree = BUILT_PRODUCTS_DIR; };
		8D70B464227CBB3500E11D7B /* _BASETests.swift */ = {isa = PBXFileReference; lastKnownFileType = sourcecode.swift; path = _BASETests.swift; sourceTree = "<group>"; };
		8D70B466227CBB3500E11D7B /* Info.plist */ = {isa = PBXFileReference; lastKnownFileType = text.plist.xml; path = Info.plist; sourceTree = "<group>"; };
		8D70B46B227CBB3500E11D7B /* 8BASEUITests.xctest */ = {isa = PBXFileReference; explicitFileType = wrapper.cfbundle; includeInIndex = 0; path = 8BASEUITests.xctest; sourceTree = BUILT_PRODUCTS_DIR; };
		8D70B46F227CBB3500E11D7B /* _BASEUITests.swift */ = {isa = PBXFileReference; lastKnownFileType = sourcecode.swift; path = _BASEUITests.swift; sourceTree = "<group>"; };
		8D70B471227CBB3500E11D7B /* Info.plist */ = {isa = PBXFileReference; lastKnownFileType = text.plist.xml; path = Info.plist; sourceTree = "<group>"; };
		8D70B47D227CBC2200E11D7B /* GoogleService-Info.plist */ = {isa = PBXFileReference; fileEncoding = 4; lastKnownFileType = text.plist.xml; path = "GoogleService-Info.plist"; sourceTree = "<group>"; };
		8E768B4C9A39AEDF68F3076C /* Pods_8BASEUITests.framework */ = {isa = PBXFileReference; explicitFileType = wrapper.framework; includeInIndex = 0; path = Pods_8BASEUITests.framework; sourceTree = BUILT_PRODUCTS_DIR; };
		9F9BE2E762A0603C983B119D /* Pods-8BASE.release.xcconfig */ = {isa = PBXFileReference; includeInIndex = 1; lastKnownFileType = text.xcconfig; name = "Pods-8BASE.release.xcconfig"; path = "Target Support Files/Pods-8BASE/Pods-8BASE.release.xcconfig"; sourceTree = "<group>"; };
/* End PBXFileReference section */

/* Begin PBXFrameworksBuildPhase section */
		8D70B446227CBB3300E11D7B /* Frameworks */ = {
			isa = PBXFrameworksBuildPhase;
			buildActionMask = 2147483647;
			files = (
				5F4D70EB1885ACD19FA69E32 /* Pods_8BASE.framework in Frameworks */,
			);
			runOnlyForDeploymentPostprocessing = 0;
		};
		8D70B45D227CBB3500E11D7B /* Frameworks */ = {
			isa = PBXFrameworksBuildPhase;
			buildActionMask = 2147483647;
			files = (
				D62BD47C6608FC6838F57672 /* Pods_8BASETests.framework in Frameworks */,
			);
			runOnlyForDeploymentPostprocessing = 0;
		};
		8D70B468227CBB3500E11D7B /* Frameworks */ = {
			isa = PBXFrameworksBuildPhase;
			buildActionMask = 2147483647;
			files = (
				C0E7A9FB3ECEFCC65C859C75 /* Pods_8BASEUITests.framework in Frameworks */,
			);
			runOnlyForDeploymentPostprocessing = 0;
		};
/* End PBXFrameworksBuildPhase section */

/* Begin PBXGroup section */
		269EEC8D96A2E02FC901C1B5 /* Pods */ = {
			isa = PBXGroup;
			children = (
				6B42936A5705250290B3756D /* Pods-8BASE.debug.xcconfig */,
				9F9BE2E762A0603C983B119D /* Pods-8BASE.release.xcconfig */,
				005E72723C5B8976E5338264 /* Pods-8BASETests.debug.xcconfig */,
				4D02B9534BCB8D5A254EFA0F /* Pods-8BASETests.release.xcconfig */,
				66F8CD2958CB78BC2D15244A /* Pods-8BASEUITests.debug.xcconfig */,
				1B6BBA3BF642E72114D1DE23 /* Pods-8BASEUITests.release.xcconfig */,
			);
			path = Pods;
			sourceTree = "<group>";
		};
		812E25872AF1E0ADE58A6470 /* Frameworks */ = {
			isa = PBXGroup;
			children = (
				7BE4DA8858CD40A7FB35C957 /* Pods_8BASE.framework */,
				4DD310A243F6C4F73DFC62A5 /* Pods_8BASETests.framework */,
				8E768B4C9A39AEDF68F3076C /* Pods_8BASEUITests.framework */,
			);
			name = Frameworks;
			sourceTree = "<group>";
		};
		8D70B440227CBB3300E11D7B = {
			isa = PBXGroup;
			children = (
				8D70B44B227CBB3300E11D7B /* 8BASE */,
				8D70B463227CBB3500E11D7B /* 8BASETests */,
				8D70B46E227CBB3500E11D7B /* 8BASEUITests */,
				8D70B44A227CBB3300E11D7B /* Products */,
				269EEC8D96A2E02FC901C1B5 /* Pods */,
				812E25872AF1E0ADE58A6470 /* Frameworks */,
			);
			sourceTree = "<group>";
		};
		8D70B44A227CBB3300E11D7B /* Products */ = {
			isa = PBXGroup;
			children = (
				8D70B449227CBB3300E11D7B /* 8BASE.app */,
				8D70B460227CBB3500E11D7B /* 8BASETests.xctest */,
				8D70B46B227CBB3500E11D7B /* 8BASEUITests.xctest */,
			);
			name = Products;
			sourceTree = "<group>";
		};
		8D70B44B227CBB3300E11D7B /* 8BASE */ = {
			isa = PBXGroup;
			children = (
				8D70321B2307222A001306FA /* ScanViewController.swift */,
				8D70B44C227CBB3300E11D7B /* AppDelegate.swift */,
				8D70B44E227CBB3300E11D7B /* ViewController.swift */,
				8D70B47D227CBC2200E11D7B /* GoogleService-Info.plist */,
				8D70B450227CBB3300E11D7B /* Main.storyboard */,
				8D70321D2307245A001306FA /* CheckController.swift */,
				8D70B456227CBB3500E11D7B /* Assets.xcassets */,
				8D70B458227CBB3500E11D7B /* LaunchScreen.storyboard */,
				8D70B45B227CBB3500E11D7B /* Info.plist */,
				8D70B453227CBB3300E11D7B /* _BASE.xcdatamodeld */,
			);
			path = 8BASE;
			sourceTree = "<group>";
		};
		8D70B463227CBB3500E11D7B /* 8BASETests */ = {
			isa = PBXGroup;
			children = (
				8D70B464227CBB3500E11D7B /* _BASETests.swift */,
				8D70B466227CBB3500E11D7B /* Info.plist */,
			);
			path = 8BASETests;
			sourceTree = "<group>";
		};
		8D70B46E227CBB3500E11D7B /* 8BASEUITests */ = {
			isa = PBXGroup;
			children = (
				8D70B46F227CBB3500E11D7B /* _BASEUITests.swift */,
				8D70B471227CBB3500E11D7B /* Info.plist */,
			);
			path = 8BASEUITests;
			sourceTree = "<group>";
		};
/* End PBXGroup section */

/* Begin PBXNativeTarget section */
		8D70B448227CBB3300E11D7B /* 8BASE */ = {
			isa = PBXNativeTarget;
			buildConfigurationList = 8D70B474227CBB3500E11D7B /* Build configuration list for PBXNativeTarget "8BASE" */;
			buildPhases = (
				F8C4A3066F47F66D1C184EDF /* [CP] Check Pods Manifest.lock */,
				8D70B445227CBB3300E11D7B /* Sources */,
				8D70B446227CBB3300E11D7B /* Frameworks */,
				8D70B447227CBB3300E11D7B /* Resources */,
				FA20747BECB6BBE21F127304 /* [CP] Embed Pods Frameworks */,
			);
			buildRules = (
			);
			dependencies = (
			);
			name = 8BASE;
			productName = 8BASE;
			productReference = 8D70B449227CBB3300E11D7B /* 8BASE.app */;
			productType = "com.apple.product-type.application";
		};
		8D70B45F227CBB3500E11D7B /* 8BASETests */ = {
			isa = PBXNativeTarget;
			buildConfigurationList = 8D70B477227CBB3500E11D7B /* Build configuration list for PBXNativeTarget "8BASETests" */;
			buildPhases = (
				B47C188F36671B9DA9981E1C /* [CP] Check Pods Manifest.lock */,
				8D70B45C227CBB3500E11D7B /* Sources */,
				8D70B45D227CBB3500E11D7B /* Frameworks */,
				8D70B45E227CBB3500E11D7B /* Resources */,
			);
			buildRules = (
			);
			dependencies = (
				8D70B462227CBB3500E11D7B /* PBXTargetDependency */,
			);
			name = 8BASETests;
			productName = 8BASETests;
			productReference = 8D70B460227CBB3500E11D7B /* 8BASETests.xctest */;
			productType = "com.apple.product-type.bundle.unit-test";
		};
		8D70B46A227CBB3500E11D7B /* 8BASEUITests */ = {
			isa = PBXNativeTarget;
			buildConfigurationList = 8D70B47A227CBB3500E11D7B /* Build configuration list for PBXNativeTarget "8BASEUITests" */;
			buildPhases = (
				126DEEB9F8981448B0A9FF98 /* [CP] Check Pods Manifest.lock */,
				8D70B467227CBB3500E11D7B /* Sources */,
				8D70B468227CBB3500E11D7B /* Frameworks */,
				8D70B469227CBB3500E11D7B /* Resources */,
			);
			buildRules = (
			);
			dependencies = (
				8D70B46D227CBB3500E11D7B /* PBXTargetDependency */,
			);
			name = 8BASEUITests;
			productName = 8BASEUITests;
			productReference = 8D70B46B227CBB3500E11D7B /* 8BASEUITests.xctest */;
			productType = "com.apple.product-type.bundle.ui-testing";
		};
/* End PBXNativeTarget section */

/* Begin PBXProject section */
		8D70B441227CBB3300E11D7B /* Project object */ = {
			isa = PBXProject;
			attributes = {
				LastSwiftUpdateCheck = 1020;
				LastUpgradeCheck = 1020;
				ORGANIZATIONNAME = "Carlos Leniz";
				TargetAttributes = {
					8D70B448227CBB3300E11D7B = {
						CreatedOnToolsVersion = 10.2;
					};
					8D70B45F227CBB3500E11D7B = {
						CreatedOnToolsVersion = 10.2;
						TestTargetID = 8D70B448227CBB3300E11D7B;
					};
					8D70B46A227CBB3500E11D7B = {
						CreatedOnToolsVersion = 10.2;
						TestTargetID = 8D70B448227CBB3300E11D7B;
					};
				};
			};
			buildConfigurationList = 8D70B444227CBB3300E11D7B /* Build configuration list for PBXProject "8BASE" */;
			compatibilityVersion = "Xcode 9.3";
			developmentRegion = en;
			hasScannedForEncodings = 0;
			knownRegions = (
				en,
				Base,
			);
			mainGroup = 8D70B440227CBB3300E11D7B;
			productRefGroup = 8D70B44A227CBB3300E11D7B /* Products */;
			projectDirPath = "";
			projectRoot = "";
			targets = (
				8D70B448227CBB3300E11D7B /* 8BASE */,
				8D70B45F227CBB3500E11D7B /* 8BASETests */,
				8D70B46A227CBB3500E11D7B /* 8BASEUITests */,
			);
		};
/* End PBXProject section */

/* Begin PBXResourcesBuildPhase section */
		8D70B447227CBB3300E11D7B /* Resources */ = {
			isa = PBXResourcesBuildPhase;
			buildActionMask = 2147483647;
			files = (
				8D70B45A227CBB3500E11D7B /* LaunchScreen.storyboard in Resources */,
				8D70B47E227CBC2200E11D7B /* GoogleService-Info.plist in Resources */,
				8D70B457227CBB3500E11D7B /* Assets.xcassets in Resources */,
				8D70B452227CBB3300E11D7B /* Main.storyboard in Resources */,
			);
			runOnlyForDeploymentPostprocessing = 0;
		};
		8D70B45E227CBB3500E11D7B /* Resources */ = {
			isa = PBXResourcesBuildPhase;
			buildActionMask = 2147483647;
			files = (
				8D70B47F227CBC2200E11D7B /* GoogleService-Info.plist in Resources */,
			);
			runOnlyForDeploymentPostprocessing = 0;
		};
		8D70B469227CBB3500E11D7B /* Resources */ = {
			isa = PBXResourcesBuildPhase;
			buildActionMask = 2147483647;
			files = (
				8D70B480227CBC2200E11D7B /* GoogleService-Info.plist in Resources */,
			);
			runOnlyForDeploymentPostprocessing = 0;
		};
/* End PBXResourcesBuildPhase section */

/* Begin PBXShellScriptBuildPhase section */
		126DEEB9F8981448B0A9FF98 /* [CP] Check Pods Manifest.lock */ = {
			isa = PBXShellScriptBuildPhase;
			buildActionMask = 2147483647;
			files = (
			);
			inputFileListPaths = (
			);
			inputPaths = (
				"${PODS_PODFILE_DIR_PATH}/Podfile.lock",
				"${PODS_ROOT}/Manifest.lock",
			);
			name = "[CP] Check Pods Manifest.lock";
			outputFileListPaths = (
			);
			outputPaths = (
				"$(DERIVED_FILE_DIR)/Pods-8BASEUITests-checkManifestLockResult.txt",
			);
			runOnlyForDeploymentPostprocessing = 0;
			shellPath = /bin/sh;
			shellScript = "diff \"${PODS_PODFILE_DIR_PATH}/Podfile.lock\" \"${PODS_ROOT}/Manifest.lock\" > /dev/null\nif [ $? != 0 ] ; then\n    # print error to STDERR\n    echo \"error: The sandbox is not in sync with the Podfile.lock. Run 'pod install' or update your CocoaPods installation.\" >&2\n    exit 1\nfi\n# This output is used by Xcode 'outputs' to avoid re-running this script phase.\necho \"SUCCESS\" > \"${SCRIPT_OUTPUT_FILE_0}\"\n";
			showEnvVarsInLog = 0;
		};
		B47C188F36671B9DA9981E1C /* [CP] Check Pods Manifest.lock */ = {
			isa = PBXShellScriptBuildPhase;
			buildActionMask = 2147483647;
			files = (
			);
			inputFileListPaths = (
			);
			inputPaths = (
				"${PODS_PODFILE_DIR_PATH}/Podfile.lock",
				"${PODS_ROOT}/Manifest.lock",
			);
			name = "[CP] Check Pods Manifest.lock";
			outputFileListPaths = (
			);
			outputPaths = (
				"$(DERIVED_FILE_DIR)/Pods-8BASETests-checkManifestLockResult.txt",
			);
			runOnlyForDeploymentPostprocessing = 0;
			shellPath = /bin/sh;
			shellScript = "diff \"${PODS_PODFILE_DIR_PATH}/Podfile.lock\" \"${PODS_ROOT}/Manifest.lock\" > /dev/null\nif [ $? != 0 ] ; then\n    # print error to STDERR\n    echo \"error: The sandbox is not in sync with the Podfile.lock. Run 'pod install' or update your CocoaPods installation.\" >&2\n    exit 1\nfi\n# This output is used by Xcode 'outputs' to avoid re-running this script phase.\necho \"SUCCESS\" > \"${SCRIPT_OUTPUT_FILE_0}\"\n";
			showEnvVarsInLog = 0;
		};
		F8C4A3066F47F66D1C184EDF /* [CP] Check Pods Manifest.lock */ = {
			isa = PBXShellScriptBuildPhase;
			buildActionMask = 2147483647;
			files = (
			);
			inputFileListPaths = (
			);
			inputPaths = (
				"${PODS_PODFILE_DIR_PATH}/Podfile.lock",
				"${PODS_ROOT}/Manifest.lock",
			);
			name = "[CP] Check Pods Manifest.lock";
			outputFileListPaths = (
			);
			outputPaths = (
				"$(DERIVED_FILE_DIR)/Pods-8BASE-checkManifestLockResult.txt",
			);
			runOnlyForDeploymentPostprocessing = 0;
			shellPath = /bin/sh;
			shellScript = "diff \"${PODS_PODFILE_DIR_PATH}/Podfile.lock\" \"${PODS_ROOT}/Manifest.lock\" > /dev/null\nif [ $? != 0 ] ; then\n    # print error to STDERR\n    echo \"error: The sandbox is not in sync with the Podfile.lock. Run 'pod install' or update your CocoaPods installation.\" >&2\n    exit 1\nfi\n# This output is used by Xcode 'outputs' to avoid re-running this script phase.\necho \"SUCCESS\" > \"${SCRIPT_OUTPUT_FILE_0}\"\n";
			showEnvVarsInLog = 0;
		};
		FA20747BECB6BBE21F127304 /* [CP] Embed Pods Frameworks */ = {
			isa = PBXShellScriptBuildPhase;
			buildActionMask = 2147483647;
			files = (
			);
			inputFileListPaths = (
			);
			inputPaths = (
				"${PODS_ROOT}/Target Support Files/Pods-8BASE/Pods-8BASE-frameworks.sh",
				"${BUILT_PRODUCTS_DIR}/BoringSSL-GRPC/openssl_grpc.framework",
				"${BUILT_PRODUCTS_DIR}/GTMSessionFetcher/GTMSessionFetcher.framework",
				"${BUILT_PRODUCTS_DIR}/GoogleUtilities/GoogleUtilities.framework",
				"${BUILT_PRODUCTS_DIR}/Protobuf/Protobuf.framework",
				"${BUILT_PRODUCTS_DIR}/gRPC-C++/grpcpp.framework",
				"${BUILT_PRODUCTS_DIR}/gRPC-Core/grpc.framework",
				"${BUILT_PRODUCTS_DIR}/leveldb-library/leveldb.framework",
				"${BUILT_PRODUCTS_DIR}/nanopb/nanopb.framework",
			);
			name = "[CP] Embed Pods Frameworks";
			outputFileListPaths = (
			);
			outputPaths = (
				"${TARGET_BUILD_DIR}/${FRAMEWORKS_FOLDER_PATH}/openssl_grpc.framework",
				"${TARGET_BUILD_DIR}/${FRAMEWORKS_FOLDER_PATH}/GTMSessionFetcher.framework",
				"${TARGET_BUILD_DIR}/${FRAMEWORKS_FOLDER_PATH}/GoogleUtilities.framework",
				"${TARGET_BUILD_DIR}/${FRAMEWORKS_FOLDER_PATH}/Protobuf.framework",
				"${TARGET_BUILD_DIR}/${FRAMEWORKS_FOLDER_PATH}/grpcpp.framework",
				"${TARGET_BUILD_DIR}/${FRAMEWORKS_FOLDER_PATH}/grpc.framework",
				"${TARGET_BUILD_DIR}/${FRAMEWORKS_FOLDER_PATH}/leveldb.framework",
				"${TARGET_BUILD_DIR}/${FRAMEWORKS_FOLDER_PATH}/nanopb.framework",
			);
			runOnlyForDeploymentPostprocessing = 0;
			shellPath = /bin/sh;
			shellScript = "\"${PODS_ROOT}/Target Support Files/Pods-8BASE/Pods-8BASE-frameworks.sh\"\n";
			showEnvVarsInLog = 0;
		};
/* End PBXShellScriptBuildPhase section */

/* Begin PBXSourcesBuildPhase section */
		8D70B445227CBB3300E11D7B /* Sources */ = {
			isa = PBXSourcesBuildPhase;
			buildActionMask = 2147483647;
			files = (
				8D70321C2307222A001306FA /* ScanViewController.swift in Sources */,
				8D70321E2307245A001306FA /* CheckController.swift in Sources */,
				8D70B455227CBB3300E11D7B /* _BASE.xcdatamodeld in Sources */,
				8D70B44F227CBB3300E11D7B /* ViewController.swift in Sources */,
				8D70B44D227CBB3300E11D7B /* AppDelegate.swift in Sources */,
			);
			runOnlyForDeploymentPostprocessing = 0;
		};
		8D70B45C227CBB3500E11D7B /* Sources */ = {
			isa = PBXSourcesBuildPhase;
			buildActionMask = 2147483647;
			files = (
				8D70B465227CBB3500E11D7B /* _BASETests.swift in Sources */,
			);
			runOnlyForDeploymentPostprocessing = 0;
		};
		8D70B467227CBB3500E11D7B /* Sources */ = {
			isa = PBXSourcesBuildPhase;
			buildActionMask = 2147483647;
			files = (
				8D70B470227CBB3500E11D7B /* _BASEUITests.swift in Sources */,
			);
			runOnlyForDeploymentPostprocessing = 0;
		};
/* End PBXSourcesBuildPhase section */

/* Begin PBXTargetDependency section */
		8D70B462227CBB3500E11D7B /* PBXTargetDependency */ = {
			isa = PBXTargetDependency;
			target = 8D70B448227CBB3300E11D7B /* 8BASE */;
			targetProxy = 8D70B461227CBB3500E11D7B /* PBXContainerItemProxy */;
		};
		8D70B46D227CBB3500E11D7B /* PBXTargetDependency */ = {
			isa = PBXTargetDependency;
			target = 8D70B448227CBB3300E11D7B /* 8BASE */;
			targetProxy = 8D70B46C227CBB3500E11D7B /* PBXContainerItemProxy */;
		};
/* End PBXTargetDependency section */

/* Begin PBXVariantGroup section */
		8D70B450227CBB3300E11D7B /* Main.storyboard */ = {
			isa = PBXVariantGroup;
			children = (
				8D70B451227CBB3300E11D7B /* Base */,
			);
			name = Main.storyboard;
			sourceTree = "<group>";
		};
		8D70B458227CBB3500E11D7B /* LaunchScreen.storyboard */ = {
			isa = PBXVariantGroup;
			children = (
				8D70B459227CBB3500E11D7B /* Base */,
			);
			name = LaunchScreen.storyboard;
			sourceTree = "<group>";
		};
/* End PBXVariantGroup section */

/* Begin XCBuildConfiguration section */
		8D70B472227CBB3500E11D7B /* Debug */ = {
			isa = XCBuildConfiguration;
			buildSettings = {
				ALWAYS_SEARCH_USER_PATHS = NO;
				CLANG_ANALYZER_NONNULL = YES;
				CLANG_ANALYZER_NUMBER_OBJECT_CONVERSION = YES_AGGRESSIVE;
				CLANG_CXX_LANGUAGE_STANDARD = "gnu++14";
				CLANG_CXX_LIBRARY = "libc++";
				CLANG_ENABLE_MODULES = YES;
				CLANG_ENABLE_OBJC_ARC = YES;
				CLANG_ENABLE_OBJC_WEAK = YES;
				CLANG_WARN_BLOCK_CAPTURE_AUTORELEASING = YES;
				CLANG_WARN_BOOL_CONVERSION = YES;
				CLANG_WARN_COMMA = YES;
				CLANG_WARN_CONSTANT_CONVERSION = YES;
				CLANG_WARN_DEPRECATED_OBJC_IMPLEMENTATIONS = YES;
				CLANG_WARN_DIRECT_OBJC_ISA_USAGE = YES_ERROR;
				CLANG_WARN_DOCUMENTATION_COMMENTS = YES;
				CLANG_WARN_EMPTY_BODY = YES;
				CLANG_WARN_ENUM_CONVERSION = YES;
				CLANG_WARN_INFINITE_RECURSION = YES;
				CLANG_WARN_INT_CONVERSION = YES;
				CLANG_WARN_NON_LITERAL_NULL_CONVERSION = YES;
				CLANG_WARN_OBJC_IMPLICIT_RETAIN_SELF = YES;
				CLANG_WARN_OBJC_LITERAL_CONVERSION = YES;
				CLANG_WARN_OBJC_ROOT_CLASS = YES_ERROR;
				CLANG_WARN_RANGE_LOOP_ANALYSIS = YES;
				CLANG_WARN_STRICT_PROTOTYPES = YES;
				CLANG_WARN_SUSPICIOUS_MOVE = YES;
				CLANG_WARN_UNGUARDED_AVAILABILITY = YES_AGGRESSIVE;
				CLANG_WARN_UNREACHABLE_CODE = YES;
				CLANG_WARN__DUPLICATE_METHOD_MATCH = YES;
				CODE_SIGN_IDENTITY = "iPhone Developer";
				COPY_PHASE_STRIP = NO;
				DEBUG_INFORMATION_FORMAT = dwarf;
				ENABLE_STRICT_OBJC_MSGSEND = YES;
				ENABLE_TESTABILITY = YES;
				GCC_C_LANGUAGE_STANDARD = gnu11;
				GCC_DYNAMIC_NO_PIC = NO;
				GCC_NO_COMMON_BLOCKS = YES;
				GCC_OPTIMIZATION_LEVEL = 0;
				GCC_PREPROCESSOR_DEFINITIONS = (
					"DEBUG=1",
					"$(inherited)",
				);
				GCC_WARN_64_TO_32_BIT_CONVERSION = YES;
				GCC_WARN_ABOUT_RETURN_TYPE = YES_ERROR;
				GCC_WARN_UNDECLARED_SELECTOR = YES;
				GCC_WARN_UNINITIALIZED_AUTOS = YES_AGGRESSIVE;
				GCC_WARN_UNUSED_FUNCTION = YES;
				GCC_WARN_UNUSED_VARIABLE = YES;
				IPHONEOS_DEPLOYMENT_TARGET = 12.2;
				MTL_ENABLE_DEBUG_INFO = INCLUDE_SOURCE;
				MTL_FAST_MATH = YES;
				ONLY_ACTIVE_ARCH = YES;
				SDKROOT = iphoneos;
				SWIFT_ACTIVE_COMPILATION_CONDITIONS = DEBUG;
				SWIFT_OPTIMIZATION_LEVEL = "-Onone";
			};
			name = Debug;
		};
		8D70B473227CBB3500E11D7B /* Release */ = {
			isa = XCBuildConfiguration;
			buildSettings = {
				ALWAYS_SEARCH_USER_PATHS = NO;
				CLANG_ANALYZER_NONNULL = YES;
				CLANG_ANALYZER_NUMBER_OBJECT_CONVERSION = YES_AGGRESSIVE;
				CLANG_CXX_LANGUAGE_STANDARD = "gnu++14";
				CLANG_CXX_LIBRARY = "libc++";
				CLANG_ENABLE_MODULES = YES;
				CLANG_ENABLE_OBJC_ARC = YES;
				CLANG_ENABLE_OBJC_WEAK = YES;
				CLANG_WARN_BLOCK_CAPTURE_AUTORELEASING = YES;
				CLANG_WARN_BOOL_CONVERSION = YES;
				CLANG_WARN_COMMA = YES;
				CLANG_WARN_CONSTANT_CONVERSION = YES;
				CLANG_WARN_DEPRECATED_OBJC_IMPLEMENTATIONS = YES;
				CLANG_WARN_DIRECT_OBJC_ISA_USAGE = YES_ERROR;
				CLANG_WARN_DOCUMENTATION_COMMENTS = YES;
				CLANG_WARN_EMPTY_BODY = YES;
				CLANG_WARN_ENUM_CONVERSION = YES;
				CLANG_WARN_INFINITE_RECURSION = YES;
				CLANG_WARN_INT_CONVERSION = YES;
				CLANG_WARN_NON_LITERAL_NULL_CONVERSION = YES;
				CLANG_WARN_OBJC_IMPLICIT_RETAIN_SELF = YES;
				CLANG_WARN_OBJC_LITERAL_CONVERSION = YES;
				CLANG_WARN_OBJC_ROOT_CLASS = YES_ERROR;
				CLANG_WARN_RANGE_LOOP_ANALYSIS = YES;
				CLANG_WARN_STRICT_PROTOTYPES = YES;
				CLANG_WARN_SUSPICIOUS_MOVE = YES;
				CLANG_WARN_UNGUARDED_AVAILABILITY = YES_AGGRESSIVE;
				CLANG_WARN_UNREACHABLE_CODE = YES;
				CLANG_WARN__DUPLICATE_METHOD_MATCH = YES;
				CODE_SIGN_IDENTITY = "iPhone Developer";
				COPY_PHASE_STRIP = NO;
				DEBUG_INFORMATION_FORMAT = "dwarf-with-dsym";
				ENABLE_NS_ASSERTIONS = NO;
				ENABLE_STRICT_OBJC_MSGSEND = YES;
				GCC_C_LANGUAGE_STANDARD = gnu11;
				GCC_NO_COMMON_BLOCKS = YES;
				GCC_WARN_64_TO_32_BIT_CONVERSION = YES;
				GCC_WARN_ABOUT_RETURN_TYPE = YES_ERROR;
				GCC_WARN_UNDECLARED_SELECTOR = YES;
				GCC_WARN_UNINITIALIZED_AUTOS = YES_AGGRESSIVE;
				GCC_WARN_UNUSED_FUNCTION = YES;
				GCC_WARN_UNUSED_VARIABLE = YES;
				IPHONEOS_DEPLOYMENT_TARGET = 12.2;
				MTL_ENABLE_DEBUG_INFO = NO;
				MTL_FAST_MATH = YES;
				SDKROOT = iphoneos;
				SWIFT_COMPILATION_MODE = wholemodule;
				SWIFT_OPTIMIZATION_LEVEL = "-O";
				VALIDATE_PRODUCT = YES;
			};
			name = Release;
		};
		8D70B475227CBB3500E11D7B /* Debug */ = {
			isa = XCBuildConfiguration;
			baseConfigurationReference = 6B42936A5705250290B3756D /* Pods-8BASE.debug.xcconfig */;
			buildSettings = {
				ASSETCATALOG_COMPILER_APPICON_NAME = AppIcon;
				CODE_SIGN_STYLE = Automatic;
				DEVELOPMENT_TEAM = 668S36TB6E;
				INFOPLIST_FILE = 8BASE/Info.plist;
				LD_RUNPATH_SEARCH_PATHS = (
					"$(inherited)",
					"@executable_path/Frameworks",
				);
				PRODUCT_BUNDLE_IDENTIFIER = "CLS.-BASE";
				PRODUCT_NAME = "$(TARGET_NAME)";
				SWIFT_VERSION = 5.0;
				TARGETED_DEVICE_FAMILY = "1,2";
			};
			name = Debug;
		};
		8D70B476227CBB3500E11D7B /* Release */ = {
			isa = XCBuildConfiguration;
			baseConfigurationReference = 9F9BE2E762A0603C983B119D /* Pods-8BASE.release.xcconfig */;
			buildSettings = {
				ASSETCATALOG_COMPILER_APPICON_NAME = AppIcon;
				CODE_SIGN_STYLE = Automatic;
				DEVELOPMENT_TEAM = 668S36TB6E;
				INFOPLIST_FILE = 8BASE/Info.plist;
				LD_RUNPATH_SEARCH_PATHS = (
					"$(inherited)",
					"@executable_path/Frameworks",
				);
				PRODUCT_BUNDLE_IDENTIFIER = "CLS.-BASE";
				PRODUCT_NAME = "$(TARGET_NAME)";
				SWIFT_VERSION = 5.0;
				TARGETED_DEVICE_FAMILY = "1,2";
			};
			name = Release;
		};
		8D70B478227CBB3500E11D7B /* Debug */ = {
			isa = XCBuildConfiguration;
			baseConfigurationReference = 005E72723C5B8976E5338264 /* Pods-8BASETests.debug.xcconfig */;
			buildSettings = {
				ALWAYS_EMBED_SWIFT_STANDARD_LIBRARIES = YES;
				BUNDLE_LOADER = "$(TEST_HOST)";
				CODE_SIGN_STYLE = Automatic;
				DEVELOPMENT_TEAM = 668S36TB6E;
				INFOPLIST_FILE = 8BASETests/Info.plist;
				LD_RUNPATH_SEARCH_PATHS = (
					"$(inherited)",
					"@executable_path/Frameworks",
					"@loader_path/Frameworks",
				);
				PRODUCT_BUNDLE_IDENTIFIER = "CLS.-BASETests";
				PRODUCT_NAME = "$(TARGET_NAME)";
				SWIFT_VERSION = 5.0;
				TARGETED_DEVICE_FAMILY = "1,2";
				TEST_HOST = "$(BUILT_PRODUCTS_DIR)/8BASE.app/8BASE";
			};
			name = Debug;
		};
		8D70B479227CBB3500E11D7B /* Release */ = {
			isa = XCBuildConfiguration;
			baseConfigurationReference = 4D02B9534BCB8D5A254EFA0F /* Pods-8BASETests.release.xcconfig */;
			buildSettings = {
				ALWAYS_EMBED_SWIFT_STANDARD_LIBRARIES = YES;
				BUNDLE_LOADER = "$(TEST_HOST)";
				CODE_SIGN_STYLE = Automatic;
				DEVELOPMENT_TEAM = 668S36TB6E;
				INFOPLIST_FILE = 8BASETests/Info.plist;
				LD_RUNPATH_SEARCH_PATHS = (
					"$(inherited)",
					"@executable_path/Frameworks",
					"@loader_path/Frameworks",
				);
				PRODUCT_BUNDLE_IDENTIFIER = "CLS.-BASETests";
				PRODUCT_NAME = "$(TARGET_NAME)";
				SWIFT_VERSION = 5.0;
				TARGETED_DEVICE_FAMILY = "1,2";
				TEST_HOST = "$(BUILT_PRODUCTS_DIR)/8BASE.app/8BASE";
			};
			name = Release;
		};
		8D70B47B227CBB3500E11D7B /* Debug */ = {
			isa = XCBuildConfiguration;
			baseConfigurationReference = 66F8CD2958CB78BC2D15244A /* Pods-8BASEUITests.debug.xcconfig */;
			buildSettings = {
				ALWAYS_EMBED_SWIFT_STANDARD_LIBRARIES = YES;
				CODE_SIGN_STYLE = Automatic;
				DEVELOPMENT_TEAM = 668S36TB6E;
				INFOPLIST_FILE = 8BASEUITests/Info.plist;
				LD_RUNPATH_SEARCH_PATHS = (
					"$(inherited)",
					"@executable_path/Frameworks",
					"@loader_path/Frameworks",
				);
				PRODUCT_BUNDLE_IDENTIFIER = "CLS.-BASEUITests";
				PRODUCT_NAME = "$(TARGET_NAME)";
				SWIFT_VERSION = 5.0;
				TARGETED_DEVICE_FAMILY = "1,2";
				TEST_TARGET_NAME = 8BASE;
			};
			name = Debug;
		};
		8D70B47C227CBB3500E11D7B /* Release */ = {
			isa = XCBuildConfiguration;
			baseConfigurationReference = 1B6BBA3BF642E72114D1DE23 /* Pods-8BASEUITests.release.xcconfig */;
			buildSettings = {
				ALWAYS_EMBED_SWIFT_STANDARD_LIBRARIES = YES;
				CODE_SIGN_STYLE = Automatic;
				DEVELOPMENT_TEAM = 668S36TB6E;
				INFOPLIST_FILE = 8BASEUITests/Info.plist;
				LD_RUNPATH_SEARCH_PATHS = (
					"$(inherited)",
					"@executable_path/Frameworks",
					"@loader_path/Frameworks",
				);
				PRODUCT_BUNDLE_IDENTIFIER = "CLS.-BASEUITests";
				PRODUCT_NAME = "$(TARGET_NAME)";
				SWIFT_VERSION = 5.0;
				TARGETED_DEVICE_FAMILY = "1,2";
				TEST_TARGET_NAME = 8BASE;
			};
			name = Release;
		};
/* End XCBuildConfiguration section */

/* Begin XCConfigurationList section */
		8D70B444227CBB3300E11D7B /* Build configuration list for PBXProject "8BASE" */ = {
			isa = XCConfigurationList;
			buildConfigurations = (
				8D70B472227CBB3500E11D7B /* Debug */,
				8D70B473227CBB3500E11D7B /* Release */,
			);
			defaultConfigurationIsVisible = 0;
			defaultConfigurationName = Release;
		};
		8D70B474227CBB3500E11D7B /* Build configuration list for PBXNativeTarget "8BASE" */ = {
			isa = XCConfigurationList;
			buildConfigurations = (
				8D70B475227CBB3500E11D7B /* Debug */,
				8D70B476227CBB3500E11D7B /* Release */,
			);
			defaultConfigurationIsVisible = 0;
			defaultConfigurationName = Release;
		};
		8D70B477227CBB3500E11D7B /* Build configuration list for PBXNativeTarget "8BASETests" */ = {
			isa = XCConfigurationList;
			buildConfigurations = (
				8D70B478227CBB3500E11D7B /* Debug */,
				8D70B479227CBB3500E11D7B /* Release */,
			);
			defaultConfigurationIsVisible = 0;
			defaultConfigurationName = Release;
		};
		8D70B47A227CBB3500E11D7B /* Build configuration list for PBXNativeTarget "8BASEUITests" */ = {
			isa = XCConfigurationList;
			buildConfigurations = (
				8D70B47B227CBB3500E11D7B /* Debug */,
				8D70B47C227CBB3500E11D7B /* Release */,
			);
			defaultConfigurationIsVisible = 0;
			defaultConfigurationName = Release;
		};
/* End XCConfigurationList section */

/* Begin XCVersionGroup section */
		8D70B453227CBB3300E11D7B /* _BASE.xcdatamodeld */ = {
			isa = XCVersionGroup;
			children = (
				8D70B454227CBB3300E11D7B /* _BASE.xcdatamodel */,
			);
			currentVersion = 8D70B454227CBB3300E11D7B /* _BASE.xcdatamodel */;
			path = _BASE.xcdatamodeld;
			sourceTree = "<group>";
			versionGroupType = wrapper.xcdatamodel;
		};
/* End XCVersionGroup section */
	};
	rootObject = 8D70B441227CBB3300E11D7B /* Project object */;
}
